PODS:
  - KDIntroView (1.2.0)

DEPENDENCIES:
  - KDIntroView (from `https://github.com/AppDevGuy/KDIntroView`)

EXTERNAL SOURCES:
  KDIntroView:
    :git: https://github.com/AppDevGuy/KDIntroView

CHECKOUT OPTIONS:
  KDIntroView:
    :commit: 80d6eba39e980a2a0dbd4f94c08a227fa601e0bf
    :git: https://github.com/AppDevGuy/KDIntroView

SPEC CHECKSUMS:
  KDIntroView: 9ae323477e8cca861fdf48388d156866d0c64e6e

PODFILE CHECKSUM: e59c585733efbe3abad8a872d15c698866ffe76e

COCOAPODS: 1.5.3
